
Microsoft Visual Studio Solution File, Format Version 12.00
# Visual Studio Version 17
VisualStudioVersion = 17.4.33213.308
MinimumVisualStudioVersion = 10.0.40219.1
Project("{FAE04EC0-301F-11D3-BF4B-00C04F79EFBC}") = "8.6", "8.6.csproj", "{BECEA0B9-9F44-46E7-9225-1BCFB7493CCE}"
EndProject
Global
	GlobalSection(SolutionConfigurationPlatforms) = preSolution
		Debug|Any CPU = Debug|Any CPU
		Release|Any CPU = Release|Any CPU
	EndGlobalSection
	GlobalSection(ProjectConfigurationPlatforms) = postSolution
		{BECEA0B9-9F44-46E7-9225-1BCFB7493CCE}.Debug|Any CPU.ActiveCfg = Debug|Any CPU
		{BECEA0B9-9F44-46E7-9225-1BCFB7493CCE}.Debug|Any CPU.Build.0 = Debug|Any CPU
		{BECEA0B9-9F44-46E7-9225-1BCFB7493CCE}.Release|Any CPU.ActiveCfg = Release|Any CPU
		{BECEA0B9-9F44-46E7-9225-1BCFB7493CCE}.Release|Any CPU.Build.0 = Release|Any CPU
	EndGlobalSection
	GlobalSection(SolutionProperties) = preSolution
		HideSolutionNode = FALSE
	EndGlobalSection
	GlobalSection(ExtensibilityGlobals) = postSolution
		SolutionGuid = {248E8999-A625-4972-94BD-489529E4ACCD}
	EndGlobalSection
EndGlobal
